
Microsoft Visual Studio Solution File, Format Version 12.00
# Visual Studio Version 17
VisualStudioVersion = 17.0.32112.339
MinimumVisualStudioVersion = 10.0.40219.1
Project("{FAE04EC0-301F-11D3-BF4B-00C04F79EFBC}") = "m3u8-relativisator.UWP", "m3u8-relativisator.UWP\m3u8-relativisator.UWP.csproj", "{130577C6-29B2-4026-A47D-593BBF2740DB}"
EndProject
Project("{FAE04EC0-301F-11D3-BF4B-00C04F79EFBC}") = "m3u8-relativisator.Android", "m3u8-relativisator.Android\m3u8-relativisator.Android.csproj", "{9B1D540C-AA6D-4263-B9D7-0375071CA83E}"
EndProject
Project("{FAE04EC0-301F-11D3-BF4B-00C04F79EFBC}") = "m3u8-relativisator", "m3u8-relativisator\m3u8-relativisator.csproj", "{8EBDCFF6-A183-4CDC-8B08-13E31E931871}"
EndProject
Global
	GlobalSection(SolutionConfigurationPlatforms) = preSolution
		Debug|Any CPU = Debug|Any CPU
		Debug|ARM = Debug|ARM
		Debug|x64 = Debug|x64
		Debug|x86 = Debug|x86
		Release|Any CPU = Release|Any CPU
		Release|ARM = Release|ARM
		Release|x64 = Release|x64
		Release|x86 = Release|x86
	EndGlobalSection
	GlobalSection(ProjectConfigurationPlatforms) = postSolution
		{130577C6-29B2-4026-A47D-593BBF2740DB}.Debug|Any CPU.ActiveCfg = Debug|x64
		{130577C6-29B2-4026-A47D-593BBF2740DB}.Debug|Any CPU.Build.0 = Debug|x64
		{130577C6-29B2-4026-A47D-593BBF2740DB}.Debug|Any CPU.Deploy.0 = Debug|x64
		{130577C6-29B2-4026-A47D-593BBF2740DB}.Debug|ARM.ActiveCfg = Debug|ARM
		{130577C6-29B2-4026-A47D-593BBF2740DB}.Debug|ARM.Build.0 = Debug|ARM
		{130577C6-29B2-4026-A47D-593BBF2740DB}.Debug|ARM.Deploy.0 = Debug|ARM
		{130577C6-29B2-4026-A47D-593BBF2740DB}.Debug|x64.ActiveCfg = Debug|x64
		{130577C6-29B2-4026-A47D-593BBF2740DB}.Debug|x64.Build.0 = Debug|x64
		{130577C6-29B2-4026-A47D-593BBF2740DB}.Debug|x64.Deploy.0 = Debug|x64
		{130577C6-29B2-4026-A47D-593BBF2740DB}.Debug|x86.ActiveCfg = Debug|x86
		{130577C6-29B2-4026-A47D-593BBF2740DB}.Debug|x86.Build.0 = Debug|x86
		{130577C6-29B2-4026-A47D-593BBF2740DB}.Debug|x86.Deploy.0 = Debug|x86
		{130577C6-29B2-4026-A47D-593BBF2740DB}.Release|Any CPU.ActiveCfg = Release|x64
		{130577C6-29B2-4026-A47D-593BBF2740DB}.Release|Any CPU.Build.0 = Release|x64
		{130577C6-29B2-4026-A47D-593BBF2740DB}.Release|Any CPU.Deploy.0 = Release|x64
		{130577C6-29B2-4026-A47D-593BBF2740DB}.Release|ARM.ActiveCfg = Release|ARM
		{130577C6-29B2-4026-A47D-593BBF2740DB}.Release|ARM.Build.0 = Release|ARM
		{130577C6-29B2-4026-A47D-593BBF2740DB}.Release|ARM.Deploy.0 = Release|ARM
		{130577C6-29B2-4026-A47D-593BBF2740DB}.Release|x64.ActiveCfg = Release|x64
		{130577C6-29B2-4026-A47D-593BBF2740DB}.Release|x64.Build.0 = Release|x64
		{130577C6-29B2-4026-A47D-593BBF2740DB}.Release|x64.Deploy.0 = Release|x64
		{130577C6-29B2-4026-A47D-593BBF2740DB}.Release|x86.ActiveCfg = Release|x86
		{130577C6-29B2-4026-A47D-593BBF2740DB}.Release|x86.Build.0 = Release|x86
		{130577C6-29B2-4026-A47D-593BBF2740DB}.Release|x86.Deploy.0 = Release|x86
		{9B1D540C-AA6D-4263-B9D7-0375071CA83E}.Debug|Any CPU.ActiveCfg = Debug|Any CPU
		{9B1D540C-AA6D-4263-B9D7-0375071CA83E}.Debug|Any CPU.Build.0 = Debug|Any CPU
		{9B1D540C-AA6D-4263-B9D7-0375071CA83E}.Debug|Any CPU.Deploy.0 = Debug|Any CPU
		{9B1D540C-AA6D-4263-B9D7-0375071CA83E}.Debug|ARM.ActiveCfg = Debug|Any CPU
		{9B1D540C-AA6D-4263-B9D7-0375071CA83E}.Debug|ARM.Build.0 = Debug|Any CPU
		{9B1D540C-AA6D-4263-B9D7-0375071CA83E}.Debug|ARM.Deploy.0 = Debug|Any CPU
		{9B1D540C-AA6D-4263-B9D7-0375071CA83E}.Debug|x64.ActiveCfg = Debug|Any CPU
		{9B1D540C-AA6D-4263-B9D7-0375071CA83E}.Debug|x64.Build.0 = Debug|Any CPU
		{9B1D540C-AA6D-4263-B9D7-0375071CA83E}.Debug|x64.Deploy.0 = Debug|Any CPU
		{9B1D540C-AA6D-4263-B9D7-0375071CA83E}.Debug|x86.ActiveCfg = Debug|Any CPU
		{9B1D540C-AA6D-4263-B9D7-0375071CA83E}.Debug|x86.Build.0 = Debug|Any CPU
		{9B1D540C-AA6D-4263-B9D7-0375071CA83E}.Debug|x86.Deploy.0 = Debug|Any CPU
		{9B1D540C-AA6D-4263-B9D7-0375071CA83E}.Release|Any CPU.ActiveCfg = Release|Any CPU
		{9B1D540C-AA6D-4263-B9D7-0375071CA83E}.Release|Any CPU.Build.0 = Release|Any CPU
		{9B1D540C-AA6D-4263-B9D7-0375071CA83E}.Release|Any CPU.Deploy.0 = Release|Any CPU
		{9B1D540C-AA6D-4263-B9D7-0375071CA83E}.Release|ARM.ActiveCfg = Release|Any CPU
		{9B1D540C-AA6D-4263-B9D7-0375071CA83E}.Release|ARM.Build.0 = Release|Any CPU
		{9B1D540C-AA6D-4263-B9D7-0375071CA83E}.Release|ARM.Deploy.0 = Release|Any CPU
		{9B1D540C-AA6D-4263-B9D7-0375071CA83E}.Release|x64.ActiveCfg = Release|Any CPU
		{9B1D540C-AA6D-4263-B9D7-0375071CA83E}.Release|x64.Build.0 = Release|Any CPU
		{9B1D540C-AA6D-4263-B9D7-0375071CA83E}.Release|x64.Deploy.0 = Release|Any CPU
		{9B1D540C-AA6D-4263-B9D7-0375071CA83E}.Release|x86.ActiveCfg = Release|Any CPU
		{9B1D540C-AA6D-4263-B9D7-0375071CA83E}.Release|x86.Build.0 = Release|Any CPU
		{9B1D540C-AA6D-4263-B9D7-0375071CA83E}.Release|x86.Deploy.0 = Release|Any CPU
		{8EBDCFF6-A183-4CDC-8B08-13E31E931871}.Debug|Any CPU.ActiveCfg = Debug|Any CPU
		{8EBDCFF6-A183-4CDC-8B08-13E31E931871}.Debug|Any CPU.Build.0 = Debug|Any CPU
		{8EBDCFF6-A183-4CDC-8B08-13E31E931871}.Debug|Any CPU.Deploy.0 = Debug|Any CPU
		{8EBDCFF6-A183-4CDC-8B08-13E31E931871}.Debug|ARM.ActiveCfg = Debug|Any CPU
		{8EBDCFF6-A183-4CDC-8B08-13E31E931871}.Debug|ARM.Build.0 = Debug|Any CPU
		{8EBDCFF6-A183-4CDC-8B08-13E31E931871}.Debug|ARM.Deploy.0 = Debug|Any CPU
		{8EBDCFF6-A183-4CDC-8B08-13E31E931871}.Debug|x64.ActiveCfg = Debug|Any CPU
		{8EBDCFF6-A183-4CDC-8B08-13E31E931871}.Debug|x64.Build.0 = Debug|Any CPU
		{8EBDCFF6-A183-4CDC-8B08-13E31E931871}.Debug|x64.Deploy.0 = Debug|Any CPU
		{8EBDCFF6-A183-4CDC-8B08-13E31E931871}.Debug|x86.ActiveCfg = Debug|Any CPU
		{8EBDCFF6-A183-4CDC-8B08-13E31E931871}.Debug|x86.Build.0 = Debug|Any CPU
		{8EBDCFF6-A183-4CDC-8B08-13E31E931871}.Debug|x86.Deploy.0 = Debug|Any CPU
		{8EBDCFF6-A183-4CDC-8B08-13E31E931871}.Release|Any CPU.ActiveCfg = Release|Any CPU
		{8EBDCFF6-A183-4CDC-8B08-13E31E931871}.Release|Any CPU.Build.0 = Release|Any CPU
		{8EBDCFF6-A183-4CDC-8B08-13E31E931871}.Release|Any CPU.Deploy.0 = Release|Any CPU
		{8EBDCFF6-A183-4CDC-8B08-13E31E931871}.Release|ARM.ActiveCfg = Release|Any CPU
		{8EBDCFF6-A183-4CDC-8B08-13E31E931871}.Release|ARM.Build.0 = Release|Any CPU
		{8EBDCFF6-A183-4CDC-8B08-13E31E931871}.Release|ARM.Deploy.0 = Release|Any CPU
		{8EBDCFF6-A183-4CDC-8B08-13E31E931871}.Release|x64.ActiveCfg = Release|Any CPU
		{8EBDCFF6-A183-4CDC-8B08-13E31E931871}.Release|x64.Build.0 = Release|Any CPU
		{8EBDCFF6-A183-4CDC-8B08-13E31E931871}.Release|x64.Deploy.0 = Release|Any CPU
		{8EBDCFF6-A183-4CDC-8B08-13E31E931871}.Release|x86.ActiveCfg = Release|Any CPU
		{8EBDCFF6-A183-4CDC-8B08-13E31E931871}.Release|x86.Build.0 = Release|Any CPU
		{8EBDCFF6-A183-4CDC-8B08-13E31E931871}.Release|x86.Deploy.0 = Release|Any CPU
	EndGlobalSection
	GlobalSection(SolutionProperties) = preSolution
		HideSolutionNode = FALSE
	EndGlobalSection
	GlobalSection(ExtensibilityGlobals) = postSolution
		SolutionGuid = {FC5B9276-B681-49F1-914A-CF664EF78CEB}
	EndGlobalSection
EndGlobal
